
Microsoft Visual Studio Solution File, Format Version 12.00
# Visual Studio 15
VisualStudioVersion = 15.0.28307.168
MinimumVisualStudioVersion = 10.0.40219.1
Project("{FAE04EC0-301F-11D3-BF4B-00C04F79EFBC}") = "JsonTest", "JsonTest\JsonTest.csproj", "{2B63281A-F5B6-4B37-ACF3-0AAE13B4EAEE}"
EndProject
Global
	GlobalSection(SolutionConfigurationPlatforms) = preSolution
		Debug|Any CPU = Debug|Any CPU
		Release|Any CPU = Release|Any CPU
	EndGlobalSection
	GlobalSection(ProjectConfigurationPlatforms) = postSolution
		{2B63281A-F5B6-4B37-ACF3-0AAE13B4EAEE}.Debug|Any CPU.ActiveCfg = Debug|Any CPU
		{2B63281A-F5B6-4B37-ACF3-0AAE13B4EAEE}.Debug|Any CPU.Build.0 = Debug|Any CPU
		{2B63281A-F5B6-4B37-ACF3-0AAE13B4EAEE}.Release|Any CPU.ActiveCfg = Release|Any CPU
		{2B63281A-F5B6-4B37-ACF3-0AAE13B4EAEE}.Release|Any CPU.Build.0 = Release|Any CPU
	EndGlobalSection
	GlobalSection(SolutionProperties) = preSolution
		HideSolutionNode = FALSE
	EndGlobalSection
	GlobalSection(ExtensibilityGlobals) = postSolution
		SolutionGuid = {725A88E2-3DCE-44B6-ADE3-F3CA657F365B}
	EndGlobalSection
EndGlobal
